
Microsoft Visual Studio Solution File, Format Version 12.00
# Visual Studio 14
VisualStudioVersion = 14.0.25420.1
MinimumVisualStudioVersion = 10.0.40219.1
Project("{FAE04EC0-301F-11D3-BF4B-00C04F79EFBC}") = "COP.Cloud.Azure.Aggregator", "COP.Cloud.Azure.Aggregator\COP.Cloud.Azure.Aggregator.csproj", "{7A224C3E-76D2-448F-8D56-08DDBFA7A329}"
EndProject
Project("{FAE04EC0-301F-11D3-BF4B-00C04F79EFBC}") = "COP.Cloud.Azure.Core", "COP.Cloud.Azure.Core\COP.Cloud.Azure.Core.csproj", "{CA158B3C-A01F-44D6-846F-C1BD8F61E4A9}"
EndProject
Project("{FAE04EC0-301F-11D3-BF4B-00C04F79EFBC}") = "COP.Cloud.Azure.Writer", "COP.Cloud.Azure.Writer\COP.Cloud.Azure.Writer.csproj", "{E2835315-630A-4339-A898-8C13D8625307}"
EndProject
Project("{FAE04EC0-301F-11D3-BF4B-00C04F79EFBC}") = "COP.Cloud.Azure.Validator", "COP.Cloud.Azure.Validator\COP.Cloud.Azure.Validator.csproj", "{A9DC7A5E-F373-4628-8E29-217857059A9F}"
EndProject
Project("{FAE04EC0-301F-11D3-BF4B-00C04F79EFBC}") = "COP.Cloud.Azure.FakeSensors", "COP.Cloud.Azure.FakeSensors\COP.Cloud.Azure.FakeSensors.csproj", "{F7E195DB-04EA-459D-BB55-69290DA35982}"
EndProject
Global
	GlobalSection(SolutionConfigurationPlatforms) = preSolution
		Debug|Any CPU = Debug|Any CPU
		Release|Any CPU = Release|Any CPU
	EndGlobalSection
	GlobalSection(ProjectConfigurationPlatforms) = postSolution
		{7A224C3E-76D2-448F-8D56-08DDBFA7A329}.Debug|Any CPU.ActiveCfg = Debug|Any CPU
		{7A224C3E-76D2-448F-8D56-08DDBFA7A329}.Debug|Any CPU.Build.0 = Debug|Any CPU
		{7A224C3E-76D2-448F-8D56-08DDBFA7A329}.Release|Any CPU.ActiveCfg = Release|Any CPU
		{7A224C3E-76D2-448F-8D56-08DDBFA7A329}.Release|Any CPU.Build.0 = Release|Any CPU
		{CA158B3C-A01F-44D6-846F-C1BD8F61E4A9}.Debug|Any CPU.ActiveCfg = Debug|Any CPU
		{CA158B3C-A01F-44D6-846F-C1BD8F61E4A9}.Debug|Any CPU.Build.0 = Debug|Any CPU
		{CA158B3C-A01F-44D6-846F-C1BD8F61E4A9}.Release|Any CPU.ActiveCfg = Release|Any CPU
		{CA158B3C-A01F-44D6-846F-C1BD8F61E4A9}.Release|Any CPU.Build.0 = Release|Any CPU
		{E2835315-630A-4339-A898-8C13D8625307}.Debug|Any CPU.ActiveCfg = Debug|Any CPU
		{E2835315-630A-4339-A898-8C13D8625307}.Debug|Any CPU.Build.0 = Debug|Any CPU
		{E2835315-630A-4339-A898-8C13D8625307}.Release|Any CPU.ActiveCfg = Release|Any CPU
		{E2835315-630A-4339-A898-8C13D8625307}.Release|Any CPU.Build.0 = Release|Any CPU
		{A9DC7A5E-F373-4628-8E29-217857059A9F}.Debug|Any CPU.ActiveCfg = Debug|Any CPU
		{A9DC7A5E-F373-4628-8E29-217857059A9F}.Debug|Any CPU.Build.0 = Debug|Any CPU
		{A9DC7A5E-F373-4628-8E29-217857059A9F}.Release|Any CPU.ActiveCfg = Release|Any CPU
		{A9DC7A5E-F373-4628-8E29-217857059A9F}.Release|Any CPU.Build.0 = Release|Any CPU
		{F7E195DB-04EA-459D-BB55-69290DA35982}.Debug|Any CPU.ActiveCfg = Debug|Any CPU
		{F7E195DB-04EA-459D-BB55-69290DA35982}.Debug|Any CPU.Build.0 = Debug|Any CPU
		{F7E195DB-04EA-459D-BB55-69290DA35982}.Release|Any CPU.ActiveCfg = Release|Any CPU
		{F7E195DB-04EA-459D-BB55-69290DA35982}.Release|Any CPU.Build.0 = Release|Any CPU
	EndGlobalSection
	GlobalSection(SolutionProperties) = preSolution
		HideSolutionNode = FALSE
	EndGlobalSection
EndGlobal
